<?xml version="1.0" encoding="utf-8"?>

<Project ToolsVersion="12.0" xmlns="http://schemas.microsoft.com/developer/msbuild/2003">
  <ItemGroup>
    <Filter Include="jATK-tester">
      <UniqueIdentifier>{59589D79-EB9F-3664-2976-5AA4A5A3551B}</UniqueIdentifier>
    </Filter>
    <Filter Include="jATK-tester\Source">
      <UniqueIdentifier>{EF61A707-533A-EB2B-05E5-76D017EEF4E7}</UniqueIdentifier>
    </Filter>
    <Filter Include="jATK-tester\Source\jATK">
      <UniqueIdentifier>{47285889-7857-E2B0-BECF-1DD99D67D8E6}</UniqueIdentifier>
    </Filter>
    <Filter Include="jATK-tester\Source\Testing">
      <UniqueIdentifier>{B1ACA36A-3DFB-8784-47DF-D602AF2453E3}</UniqueIdentifier>
    </Filter>
    <Filter Include="Juce Library Code">
      <UniqueIdentifier>{8B4D1BAA-6DB4-CAEC-A0FA-271F354D5C61}</UniqueIdentifier>
    </Filter>
  </ItemGroup>
  <ItemGroup>
    <ClCompile Include="..\..\Source\jATK\Phase.cpp">
      <Filter>jATK-tester\Source\jATK</Filter>
    </ClCompile>
    <ClCompile Include="..\..\Source\jATK\CAArray.cpp">
      <Filter>jATK-tester\Source\jATK</Filter>
    </ClCompile>
    <ClCompile Include="..\..\Source\jATK\DelayTaps.cpp">
      <Filter>jATK-tester\Source\jATK</Filter>
    </ClCompile>
    <ClCompile Include="..\..\Source\Testing\Main.cpp">
      <Filter>jATK-tester\Source\Testing</Filter>
    </ClCompile>
    <ClCompile Include="..\..\Source\Testing\MainComponent.cpp">
      <Filter>jATK-tester\Source\Testing</Filter>
    </ClCompile>
    <ClCompile Include="..\..\JuceLibraryCode\BinaryData.cpp">
      <Filter>Juce Library Code</Filter>
    </ClCompile>
  </ItemGroup>
  <ItemGroup>
    <ClInclude Include="..\..\Source\jATK\helpers.h">
      <Filter>jATK-tester\Source\jATK</Filter>
    </ClInclude>
    <ClInclude Include="..\..\Source\jATK\DCFilter.h">
      <Filter>jATK-tester\Source\jATK</Filter>
    </ClInclude>
    <ClInclude Include="..\..\Source\jATK\Shapers.h">
      <Filter>jATK-tester\Source\jATK</Filter>
    </ClInclude>
    <ClInclude Include="..\..\Source\jATK\Noise.h">
      <Filter>jATK-tester\Source\jATK</Filter>
    </ClInclude>
    <ClInclude Include="..\..\Source\jATK\Phase.h">
      <Filter>jATK-tester\Source\jATK</Filter>
    </ClInclude>
    <ClInclude Include="..\..\Source\jATK\CAArray.h">
      <Filter>jATK-tester\Source\jATK</Filter>
    </ClInclude>
    <ClInclude Include="..\..\Source\jATK\EnvelopeFollower.h">
      <Filter>jATK-tester\Source\jATK</Filter>
    </ClInclude>
    <ClInclude Include="..\..\Source\jATK\AHDSR.h">
      <Filter>jATK-tester\Source\jATK</Filter>
    </ClInclude>
    <ClInclude Include="..\..\Source\jATK\SimpleADSR.h">
      <Filter>jATK-tester\Source\jATK</Filter>
    </ClInclude>
    <ClInclude Include="..\..\Source\jATK\MidiProcessing.h">
      <Filter>jATK-tester\Source\jATK</Filter>
    </ClInclude>
    <ClInclude Include="..\..\Source\jATK\CALattice.h">
      <Filter>jATK-tester\Source\jATK</Filter>
    </ClInclude>
    <ClInclude Include="..\..\Source\jATK\Filters.h">
      <Filter>jATK-tester\Source\jATK</Filter>
    </ClInclude>
    <ClInclude Include="..\..\Source\jATK\DelayTaps.h">
      <Filter>jATK-tester\Source\jATK</Filter>
    </ClInclude>
    <ClInclude Include="..\..\JuceLibraryCode\AppConfig.h">
      <Filter>Juce Library Code</Filter>
    </ClInclude>
    <ClInclude Include="..\..\JuceLibraryCode\BinaryData.h">
      <Filter>Juce Library Code</Filter>
    </ClInclude>
    <ClInclude Include="..\..\JuceLibraryCode\JuceHeader.h">
      <Filter>Juce Library Code</Filter>
    </ClInclude>
  </ItemGroup>
  <ItemGroup>
    <None Include="..\..\README.md">
      <Filter>jATK-tester</Filter>
    </None>
  </ItemGroup>
  <ItemGroup>
    <ResourceCompile Include=".\resources.rc">
      <Filter>Juce Library Code</Filter>
    </ResourceCompile>
  </ItemGroup>
</Project>
