// !$*UTF8*$!
{
	archiveVersion = 1;
	classes = {
	};
	objectVersion = 46;
	objects = {

		F8A14C3EAEEF77434958D3B1 = {isa = PBXBuildFile; fileRef = C23F96B911CC3A21695F57A8; };
		879367584323075F6A038395 = {isa = PBXBuildFile; fileRef = CD65BBFE2EB5F4A1F7A912BB; };
		75192BE639691000338A8B0A = {isa = PBXBuildFile; fileRef = CE95B34EBA44F1CED105F03E; };
		F5AB00A0E36972F8799E6B52 = {isa = PBXBuildFile; fileRef = 4A0F889463901B43C95EB077; };
		8EDCEA9A65CC1558142534B1 = {isa = PBXBuildFile; fileRef = 0FFEF46E841D416A9362844A; };
		A6D4FBDE745B51B040DB0291 = {isa = PBXBuildFile; fileRef = 9CE5827113D00176154AD608; };
		B57392A52223DD5CCA94ABFD = {isa = PBXBuildFile; fileRef = B13C69D16702660482370A2D; };
		0EC08B9A03603AA1B58F8967 = {isa = PBXFileReference; lastKnownFileType = sourcecode.c.h; name = helpers.h; path = ../../Source/jATK/helpers.h; sourceTree = "SOURCE_ROOT"; };
		0F144154B65850BFDEABAA23 = {isa = PBXFileReference; lastKnownFileType = text.plist.xml; name = Info.plist; path = Info.plist; sourceTree = "SOURCE_ROOT"; };
		0FFEF46E841D416A9362844A = {isa = PBXFileReference; lastKnownFileType = sourcecode.cpp.cpp; name = Main.cpp; path = ../../Source/Testing/Main.cpp; sourceTree = "SOURCE_ROOT"; };
		1458CD152AD919CC395836FE = {isa = PBXFileReference; lastKnownFileType = sourcecode.c.h; name = Noise.h; path = ../../Source/jATK/Noise.h; sourceTree = "SOURCE_ROOT"; };
		24D8F0ACE4E4F701A2B70F2E = {isa = PBXFileReference; lastKnownFileType = sourcecode.c.h; name = Filters.h; path = ../../Source/jATK/Filters.h; sourceTree = "SOURCE_ROOT"; };
		424C1ACA910AC5FC82CFE077 = {isa = PBXFileReference; lastKnownFileType = sourcecode.c.h; name = Phase.h; path = ../../Source/jATK/Phase.h; sourceTree = "SOURCE_ROOT"; };
		4A0F889463901B43C95EB077 = {isa = PBXFileReference; lastKnownFileType = sourcecode.cpp.cpp; name = DelayTaps.cpp; path = ../../Source/jATK/DelayTaps.cpp; sourceTree = "SOURCE_ROOT"; };
		4B942C31E5FA6DF7EDB6B40F = {isa = PBXFileReference; lastKnownFileType = sourcecode.c.h; name = Shapers.h; path = ../../Source/jATK/Shapers.h; sourceTree = "SOURCE_ROOT"; };
		6098DF12BAC5DDE5CF4E6A2D = {isa = PBXFileReference; lastKnownFileType = sourcecode.c.h; name = DCFilter.h; path = ../../Source/jATK/DCFilter.h; sourceTree = "SOURCE_ROOT"; };
		6A4C4EC01B0BC5CB1E41CDF0 = {isa = PBXFileReference; lastKnownFileType = sourcecode.c.h; name = CALattice.h; path = ../../Source/jATK/CALattice.h; sourceTree = "SOURCE_ROOT"; };
		7A8251F305624B4E6D883648 = {isa = PBXFileReference; lastKnownFileType = sourcecode.c.h; name = CAArray.h; path = ../../Source/jATK/CAArray.h; sourceTree = "SOURCE_ROOT"; };
		87873EEE7EA049128777FC0C = {isa = PBXFileReference; explicitFileType = wrapper.application; includeInIndex = 0; path = "jATK-tester.app"; sourceTree = "BUILT_PRODUCTS_DIR"; };
		8B590DF70DCDAF0D50E9764D = {isa = PBXFileReference; lastKnownFileType = sourcecode.c.h; name = DelayTaps.h; path = ../../Source/jATK/DelayTaps.h; sourceTree = "SOURCE_ROOT"; };
		96C31A7F9F41C72D876A481B = {isa = PBXFileReference; lastKnownFileType = sourcecode.c.h; name = EnvelopeFollower.h; path = ../../Source/jATK/EnvelopeFollower.h; sourceTree = "SOURCE_ROOT"; };
		9CE5827113D00176154AD608 = {isa = PBXFileReference; lastKnownFileType = sourcecode.cpp.cpp; name = MainComponent.cpp; path = ../../Source/Testing/MainComponent.cpp; sourceTree = "SOURCE_ROOT"; };
		A20ED7144E9774195B24020C = {isa = PBXFileReference; lastKnownFileType = sourcecode.c.h; name = JuceHeader.h; path = ../../JuceLibraryCode/JuceHeader.h; sourceTree = "SOURCE_ROOT"; };
		AEF33230C324FDA15FD11205 = {isa = PBXFileReference; lastKnownFileType = file.md; name = README.md; path = ../../README.md; sourceTree = "SOURCE_ROOT"; };
		B13C69D16702660482370A2D = {isa = PBXFileReference; lastKnownFileType = sourcecode.cpp.cpp; name = BinaryData.cpp; path = ../../JuceLibraryCode/BinaryData.cpp; sourceTree = "SOURCE_ROOT"; };
		B6BBFC86862B959B30CBE1E3 = {isa = PBXFileReference; lastKnownFileType = sourcecode.c.h; name = BinaryData.h; path = ../../JuceLibraryCode/BinaryData.h; sourceTree = "SOURCE_ROOT"; };
		B96FB2E25B51F1E4642AAB3A = {isa = PBXFileReference; lastKnownFileType = sourcecode.c.h; name = AppConfig.h; path = ../../JuceLibraryCode/AppConfig.h; sourceTree = "SOURCE_ROOT"; };
		C23F96B911CC3A21695F57A8 = {isa = PBXFileReference; lastKnownFileType = file.nib; name = RecentFilesMenuTemplate.nib; path = RecentFilesMenuTemplate.nib; sourceTree = "SOURCE_ROOT"; };
		C4DBBEE0C70F989F4D0E7150 = {isa = PBXFileReference; lastKnownFileType = sourcecode.c.h; name = AHDSR.h; path = ../../Source/jATK/AHDSR.h; sourceTree = "SOURCE_ROOT"; };
		CD65BBFE2EB5F4A1F7A912BB = {isa = PBXFileReference; lastKnownFileType = sourcecode.cpp.cpp; name = Phase.cpp; path = ../../Source/jATK/Phase.cpp; sourceTree = "SOURCE_ROOT"; };
		CE95B34EBA44F1CED105F03E = {isa = PBXFileReference; lastKnownFileType = sourcecode.cpp.cpp; name = CAArray.cpp; path = ../../Source/jATK/CAArray.cpp; sourceTree = "SOURCE_ROOT"; };
		D894DA2084571B48A1EFB769 = {isa = PBXFileReference; lastKnownFileType = sourcecode.c.h; name = MidiProcessing.h; path = ../../Source/jATK/MidiProcessing.h; sourceTree = "SOURCE_ROOT"; };
		EB04D885FD39B76F3FFDF08E = {isa = PBXFileReference; lastKnownFileType = sourcecode.c.h; name = SimpleADSR.h; path = ../../Source/jATK/SimpleADSR.h; sourceTree = "SOURCE_ROOT"; };
		C2F37D23B59C8640DF7E8AF6 = {isa = PBXGroup; children = (
					CD65BBFE2EB5F4A1F7A912BB,
					CE95B34EBA44F1CED105F03E,
					0EC08B9A03603AA1B58F8967,
					6098DF12BAC5DDE5CF4E6A2D,
					4B942C31E5FA6DF7EDB6B40F,
					1458CD152AD919CC395836FE,
					424C1ACA910AC5FC82CFE077,
					7A8251F305624B4E6D883648,
					96C31A7F9F41C72D876A481B,
					C4DBBEE0C70F989F4D0E7150,
					4A0F889463901B43C95EB077,
					EB04D885FD39B76F3FFDF08E,
					D894DA2084571B48A1EFB769,
					6A4C4EC01B0BC5CB1E41CDF0,
					24D8F0ACE4E4F701A2B70F2E,
					8B590DF70DCDAF0D50E9764D, ); name = jATK; sourceTree = "<group>"; };
		F6225138BB06228BADD4B7CB = {isa = PBXGroup; children = (
					0FFEF46E841D416A9362844A,
					9CE5827113D00176154AD608, ); name = Testing; sourceTree = "<group>"; };
		B19E214477B46BB0BF3D3F90 = {isa = PBXGroup; children = (
					C2F37D23B59C8640DF7E8AF6,
					F6225138BB06228BADD4B7CB, ); name = Source; sourceTree = "<group>"; };
		942480F1EE71D8CFDEF9D464 = {isa = PBXGroup; children = (
					AEF33230C324FDA15FD11205,
					B19E214477B46BB0BF3D3F90, ); name = "jATK-tester"; sourceTree = "<group>"; };
		12B2E960D886B157DB9F0E2D = {isa = PBXGroup; children = (
					B96FB2E25B51F1E4642AAB3A,
					B13C69D16702660482370A2D,
					B6BBFC86862B959B30CBE1E3,
					A20ED7144E9774195B24020C, ); name = "Juce Library Code"; sourceTree = "<group>"; };
		17CF03E2B6A98BB1B0E925F3 = {isa = PBXGroup; children = (
					0F144154B65850BFDEABAA23,
					C23F96B911CC3A21695F57A8, ); name = Resources; sourceTree = "<group>"; };
		7C4CE9A0B31B79FD2F898803 = {isa = PBXGroup; children = (  ); name = Frameworks; sourceTree = "<group>"; };
		2AF74462CD44E0CE134754F6 = {isa = PBXGroup; children = (
					87873EEE7EA049128777FC0C, ); name = Products; sourceTree = "<group>"; };
		2BC59C93C856C3F29DEBBAB5 = {isa = PBXGroup; children = (
					942480F1EE71D8CFDEF9D464,
					12B2E960D886B157DB9F0E2D,
					17CF03E2B6A98BB1B0E925F3,
					7C4CE9A0B31B79FD2F898803,
					2AF74462CD44E0CE134754F6, ); name = Source; sourceTree = "<group>"; };
		3082AAC84FF0E5E8B486311C = {isa = XCBuildConfiguration; buildSettings = {
				CLANG_CXX_LANGUAGE_STANDARD = "c++0x";
				CLANG_LINK_OBJC_RUNTIME = NO;
				COMBINE_HIDPI_IMAGES = YES;
				CONFIGURATION_BUILD_DIR = "$(PROJECT_DIR)/build/$(CONFIGURATION)";
				COPY_PHASE_STRIP = NO;
				GCC_DYNAMIC_NO_PIC = NO;
				GCC_OPTIMIZATION_LEVEL = 0;
				GCC_PREPROCESSOR_DEFINITIONS = (
					"_DEBUG=1",
					"DEBUG=1",
					"JUCER_XCODE_MAC_F6D2F4CF=1",
					"JUCE_APP_VERSION=1.0.0",
					"JUCE_APP_VERSION_HEX=0x10000", );
				GCC_VERSION = com.apple.compilers.llvm.clang.1_0;
				HEADER_SEARCH_PATHS = ("../../JuceLibraryCode", "$(inherited)");
				INFOPLIST_FILE = Info.plist;
				INSTALL_PATH = "$(HOME)/Applications";
				MACOSX_DEPLOYMENT_TARGET_ppc = 10.4;
				SDKROOT_ppc = macosx10.5; }; name = Debug; };
		FBB9646CF7BEF1C9EEB4AAA4 = {isa = XCBuildConfiguration; buildSettings = {
				CLANG_CXX_LANGUAGE_STANDARD = "c++0x";
				CLANG_LINK_OBJC_RUNTIME = NO;
				COMBINE_HIDPI_IMAGES = YES;
				CONFIGURATION_BUILD_DIR = "$(PROJECT_DIR)/build/$(CONFIGURATION)";
				DEAD_CODE_STRIPPING = YES;
				GCC_GENERATE_DEBUGGING_SYMBOLS = NO;
				GCC_OPTIMIZATION_LEVEL = s;
				GCC_PREPROCESSOR_DEFINITIONS = (
					"_NDEBUG=1",
					"NDEBUG=1",
					"JUCER_XCODE_MAC_F6D2F4CF=1",
					"JUCE_APP_VERSION=1.0.0",
					"JUCE_APP_VERSION_HEX=0x10000", );
				GCC_SYMBOLS_PRIVATE_EXTERN = YES;
				GCC_VERSION = com.apple.compilers.llvm.clang.1_0;
				HEADER_SEARCH_PATHS = ("../../JuceLibraryCode", "$(inherited)");
				INFOPLIST_FILE = Info.plist;
				INSTALL_PATH = "$(HOME)/Applications";
				MACOSX_DEPLOYMENT_TARGET_ppc = 10.4;
				SDKROOT_ppc = macosx10.5; }; name = Release; };
		924A098713CD8CB636721CD3 = {isa = XCBuildConfiguration; buildSettings = {
				ALWAYS_SEARCH_USER_PATHS = NO;
				DEBUG_INFORMATION_FORMAT = "dwarf";
				GCC_C_LANGUAGE_STANDARD = c99;
				GCC_INLINES_ARE_PRIVATE_EXTERN = YES;
				GCC_MODEL_TUNING = G5;
				GCC_WARN_ABOUT_RETURN_TYPE = YES;
				GCC_WARN_CHECK_SWITCH_STATEMENTS = YES;
				GCC_WARN_MISSING_PARENTHESES = YES;
				GCC_WARN_NON_VIRTUAL_DESTRUCTOR = YES;
				GCC_WARN_TYPECHECK_CALLS_TO_PRINTF = YES;
				GCC_WARN_UNUSED_VARIABLE = YES;
				ONLY_ACTIVE_ARCH = YES;
				PRODUCT_NAME = "jATK-tester";
				WARNING_CFLAGS = -Wreorder;
				ZERO_LINK = NO; }; name = Debug; };
		5E8D2F767F0F3D5F2C1B2CC5 = {isa = XCBuildConfiguration; buildSettings = {
				ALWAYS_SEARCH_USER_PATHS = NO;
				DEBUG_INFORMATION_FORMAT = "dwarf";
				GCC_C_LANGUAGE_STANDARD = c99;
				GCC_INLINES_ARE_PRIVATE_EXTERN = YES;
				GCC_MODEL_TUNING = G5;
				GCC_WARN_ABOUT_RETURN_TYPE = YES;
				GCC_WARN_CHECK_SWITCH_STATEMENTS = YES;
				GCC_WARN_MISSING_PARENTHESES = YES;
				GCC_WARN_NON_VIRTUAL_DESTRUCTOR = YES;
				GCC_WARN_TYPECHECK_CALLS_TO_PRINTF = YES;
				GCC_WARN_UNUSED_VARIABLE = YES;
				PRODUCT_NAME = "jATK-tester";
				WARNING_CFLAGS = -Wreorder;
				ZERO_LINK = NO; }; name = Release; };
		B60644C252D8A046D9048FBE = {isa = XCConfigurationList; buildConfigurations = (
					924A098713CD8CB636721CD3,
					5E8D2F767F0F3D5F2C1B2CC5, ); defaultConfigurationIsVisible = 0; defaultConfigurationName = Debug; };
		6B74E2ED1AB136A9F3591E88 = {isa = XCConfigurationList; buildConfigurations = (
					3082AAC84FF0E5E8B486311C,
					FBB9646CF7BEF1C9EEB4AAA4, ); defaultConfigurationIsVisible = 0; defaultConfigurationName = Debug; };
		BED36A4802EB367CD3CF1931 = {isa = PBXResourcesBuildPhase; buildActionMask = 2147483647; files = (
					F8A14C3EAEEF77434958D3B1, ); runOnlyForDeploymentPostprocessing = 0; };
		A628D83D021ED82ADA1C0B22 = {isa = PBXSourcesBuildPhase; buildActionMask = 2147483647; files = (
					879367584323075F6A038395,
					75192BE639691000338A8B0A,
					F5AB00A0E36972F8799E6B52,
					8EDCEA9A65CC1558142534B1,
					A6D4FBDE745B51B040DB0291,
					B57392A52223DD5CCA94ABFD, ); runOnlyForDeploymentPostprocessing = 0; };
		8232C02B249C84596B8C4A60 = {isa = PBXFrameworksBuildPhase; buildActionMask = 2147483647; files = (  ); runOnlyForDeploymentPostprocessing = 0; };
		666FE29CF719842623CBA2BA = {isa = PBXNativeTarget; buildConfigurationList = 6B74E2ED1AB136A9F3591E88; buildPhases = (
					BED36A4802EB367CD3CF1931,
					A628D83D021ED82ADA1C0B22,
					8232C02B249C84596B8C4A60, ); buildRules = ( ); dependencies = ( ); name = "jATK-tester"; productName = "jATK-tester"; productReference = 87873EEE7EA049128777FC0C; productInstallPath = "$(HOME)/Applications"; productType = "com.apple.product-type.application"; };
		FDDF74981E1C6156A7015BE9 = {isa = PBXProject; buildConfigurationList = B60644C252D8A046D9048FBE; attributes = { LastUpgradeCheck = 0440; }; compatibilityVersion = "Xcode 3.2"; hasScannedForEncodings = 0; mainGroup = 2BC59C93C856C3F29DEBBAB5; projectDirPath = ""; projectRoot = ""; targets = ( 666FE29CF719842623CBA2BA ); };
	};
	rootObject = FDDF74981E1C6156A7015BE9;
}
