Microsoft Visual Studio Solution File, Format Version 11.00
# Visual Studio 2015
Project("{A110DF33-F153-A338-74EF-D640271916F9}") = "jATK-tester", "jATK-tester.vcxproj", "{D947205E-434F-1897-D4F4-B8C8579EDBC0}"
EndProject
Global
	GlobalSection(SolutionConfigurationPlatforms) = preSolution
		Debug|Win32 = Debug|Win32
		Release|Win32 = Release|Win32
	EndGlobalSection
	GlobalSection(ProjectConfigurationPlatforms) = postSolution
		{D947205E-434F-1897-D4F4-B8C8579EDBC0}.Debug|Win32.ActiveCfg = Debug|Win32
		{D947205E-434F-1897-D4F4-B8C8579EDBC0}.Debug|Win32.Build.0 = Debug|Win32
		{D947205E-434F-1897-D4F4-B8C8579EDBC0}.Release|Win32.ActiveCfg = Release|Win32
		{D947205E-434F-1897-D4F4-B8C8579EDBC0}.Release|Win32.Build.0 = Release|Win32
	EndGlobalSection
	GlobalSection(SolutionProperties) = preSolution
		HideSolutionNode = FALSE
	EndGlobalSection
EndGlobal
